
Microsoft Visual Studio Solution File, Format Version 12.00
# Visual Studio Version 17
VisualStudioVersion = 17.9.34607.119
MinimumVisualStudioVersion = 10.0.40219.1
Project("{FAE04EC0-301F-11D3-BF4B-00C04F79EFBC}") = "Leitor Txt", "Leitor Txt\Leitor Txt.csproj", "{5DAB103A-0F2F-4366-B28D-1665DEA3B6A8}"
EndProject
Global
	GlobalSection(SolutionConfigurationPlatforms) = preSolution
		Debug|Any CPU = Debug|Any CPU
		Release|Any CPU = Release|Any CPU
	EndGlobalSection
	GlobalSection(ProjectConfigurationPlatforms) = postSolution
		{5DAB103A-0F2F-4366-B28D-1665DEA3B6A8}.Debug|Any CPU.ActiveCfg = Debug|Any CPU
		{5DAB103A-0F2F-4366-B28D-1665DEA3B6A8}.Debug|Any CPU.Build.0 = Debug|Any CPU
		{5DAB103A-0F2F-4366-B28D-1665DEA3B6A8}.Release|Any CPU.ActiveCfg = Release|Any CPU
		{5DAB103A-0F2F-4366-B28D-1665DEA3B6A8}.Release|Any CPU.Build.0 = Release|Any CPU
	EndGlobalSection
	GlobalSection(SolutionProperties) = preSolution
		HideSolutionNode = FALSE
	EndGlobalSection
	GlobalSection(ExtensibilityGlobals) = postSolution
		SolutionGuid = {61607F19-9DE1-4D44-83F2-8C775B1281C3}
	EndGlobalSection
EndGlobal
